
Microsoft Visual Studio Solution File, Format Version 11.00
# Visual C# Express 2010
Project("{FAE04EC0-301F-11D3-BF4B-00C04F79EFBC}") = "EasyStone", "EasyStone\EasyStone.csproj", "{BE855112-2ACC-4EEE-87D0-CA4F88FCB44F}"
EndProject
Project("{FAE04EC0-301F-11D3-BF4B-00C04F79EFBC}") = "Msm.Geometry", "..\..\Msm.Geometry\Msm.Geometry\Msm.Geometry.csproj", "{DF65D1B6-57CC-4D06-AAE9-32F5B17A4DC5}"
EndProject
Project("{FAE04EC0-301F-11D3-BF4B-00C04F79EFBC}") = "MEngine", "..\..\MEngine\MEngine\MEngine.csproj", "{9E514B93-AE24-4FFF-AD45-50A43C1D7865}"
EndProject
Global
	GlobalSection(SolutionConfigurationPlatforms) = preSolution
		Debug|Any CPU = Debug|Any CPU
		Release|Any CPU = Release|Any CPU
	EndGlobalSection
	GlobalSection(ProjectConfigurationPlatforms) = postSolution
		{BE855112-2ACC-4EEE-87D0-CA4F88FCB44F}.Debug|Any CPU.ActiveCfg = Debug|Any CPU
		{BE855112-2ACC-4EEE-87D0-CA4F88FCB44F}.Debug|Any CPU.Build.0 = Debug|Any CPU
		{BE855112-2ACC-4EEE-87D0-CA4F88FCB44F}.Release|Any CPU.ActiveCfg = Release|Any CPU
		{BE855112-2ACC-4EEE-87D0-CA4F88FCB44F}.Release|Any CPU.Build.0 = Release|Any CPU
		{DF65D1B6-57CC-4D06-AAE9-32F5B17A4DC5}.Debug|Any CPU.ActiveCfg = Debug|Any CPU
		{DF65D1B6-57CC-4D06-AAE9-32F5B17A4DC5}.Debug|Any CPU.Build.0 = Debug|Any CPU
		{DF65D1B6-57CC-4D06-AAE9-32F5B17A4DC5}.Release|Any CPU.ActiveCfg = Release|Any CPU
		{DF65D1B6-57CC-4D06-AAE9-32F5B17A4DC5}.Release|Any CPU.Build.0 = Release|Any CPU
		{9E514B93-AE24-4FFF-AD45-50A43C1D7865}.Debug|Any CPU.ActiveCfg = Debug|Any CPU
		{9E514B93-AE24-4FFF-AD45-50A43C1D7865}.Debug|Any CPU.Build.0 = Debug|Any CPU
		{9E514B93-AE24-4FFF-AD45-50A43C1D7865}.Release|Any CPU.ActiveCfg = Release|Any CPU
		{9E514B93-AE24-4FFF-AD45-50A43C1D7865}.Release|Any CPU.Build.0 = Release|Any CPU
	EndGlobalSection
	GlobalSection(SolutionProperties) = preSolution
		HideSolutionNode = FALSE
	EndGlobalSection
EndGlobal
